{
    "_meta": {
        "hash": {
            "sha256": "42cce0844884ddb0bc7b7a4ee8ac7d89984381d1f70c25078c10aa64aac08527"
        },
        "pipfile-spec": 6,
        "requires": {
            "python_version": "3.9"
        },
        "sources": [
            {
                "name": "pypi",
                "url": "https://pypi.org/simple",
                "verify_ssl": true
            }
        ]
    },
    "default": {
        "youtube-dl": {
            "hashes": [
                "sha256:bc59e86c5d15d887ac590454511f08ce2c47698d5a82c27bfe27b5d814bbaed2",
                "sha256:f1336d5de68647e0364a47b3c0712578e59ec76f02048ff5c50ef1c69d79cd55"
            ],
            "index": "pypi",
            "version": "==2021.12.17"
        }
    },
    "develop": {}
}
